// !$*UTF8*$!
{
	archiveVersion = 1;
	classes = {
	};
	objectVersion = 55;
	objects = {

/* Begin PBXBuildFile section */
		001C78B1286196B8001FA75D /* AppDelegate.swift in Sources */ = {isa = PBXBuildFile; fileRef = 001C78B0286196B8001FA75D /* AppDelegate.swift */; };
		001C78B3286196B8001FA75D /* SceneDelegate.swift in Sources */ = {isa = PBXBuildFile; fileRef = 001C78B2286196B8001FA75D /* SceneDelegate.swift */; };
		001C78B5286196B8001FA75D /* FeedViewController.swift in Sources */ = {isa = PBXBuildFile; fileRef = 001C78B4286196B8001FA75D /* FeedViewController.swift */; };
		001C78BA286196B9001FA75D /* Assets.xcassets in Resources */ = {isa = PBXBuildFile; fileRef = 001C78B9286196B9001FA75D /* Assets.xcassets */; };
		001C78BD286196B9001FA75D /* LaunchScreen.storyboard in Resources */ = {isa = PBXBuildFile; fileRef = 001C78BB286196B9001FA75D /* LaunchScreen.storyboard */; };
		001C78C628619C64001FA75D /* SnapKit in Frameworks */ = {isa = PBXBuildFile; productRef = 001C78C528619C64001FA75D /* SnapKit */; };
		001C78C828619EB2001FA75D /* TapBarController.swift in Sources */ = {isa = PBXBuildFile; fileRef = 001C78C728619EB2001FA75D /* TapBarController.swift */; };
		001C78CB2861A5F8001FA75D /* FeedTabelViewCell.swift in Sources */ = {isa = PBXBuildFile; fileRef = 001C78CA2861A5F8001FA75D /* FeedTabelViewCell.swift */; };
		001C78CD2861B3D6001FA75D /* UIButton.swift in Sources */ = {isa = PBXBuildFile; fileRef = 001C78CC2861B3D6001FA75D /* UIButton.swift */; };
		001C78D12861C833001FA75D /* ProfileViewController.swift in Sources */ = {isa = PBXBuildFile; fileRef = 001C78D02861C833001FA75D /* ProfileViewController.swift */; };
		001C78D32861D334001FA75D /* ProfileDataView.swift in Sources */ = {isa = PBXBuildFile; fileRef = 001C78D22861D334001FA75D /* ProfileDataView.swift */; };
		001C78D5286208B6001FA75D /* ProfileCollectionViewCell.swift in Sources */ = {isa = PBXBuildFile; fileRef = 001C78D4286208B6001FA75D /* ProfileCollectionViewCell.swift */; };
		001C78D72862FC2E001FA75D /* UploadViewController.swift in Sources */ = {isa = PBXBuildFile; fileRef = 001C78D62862FC2E001FA75D /* UploadViewController.swift */; };
/* End PBXBuildFile section */

/* Begin PBXFileReference section */
		001C78AD286196B8001FA75D /* Instar.app */ = {isa = PBXFileReference; explicitFileType = wrapper.application; includeInIndex = 0; path = Instar.app; sourceTree = BUILT_PRODUCTS_DIR; };
		001C78B0286196B8001FA75D /* AppDelegate.swift */ = {isa = PBXFileReference; lastKnownFileType = sourcecode.swift; path = AppDelegate.swift; sourceTree = "<group>"; };
		001C78B2286196B8001FA75D /* SceneDelegate.swift */ = {isa = PBXFileReference; lastKnownFileType = sourcecode.swift; path = SceneDelegate.swift; sourceTree = "<group>"; };
		001C78B4286196B8001FA75D /* FeedViewController.swift */ = {isa = PBXFileReference; lastKnownFileType = sourcecode.swift; path = FeedViewController.swift; sourceTree = "<group>"; };
		001C78B9286196B9001FA75D /* Assets.xcassets */ = {isa = PBXFileReference; lastKnownFileType = folder.assetcatalog; path = Assets.xcassets; sourceTree = "<group>"; };
		001C78BC286196B9001FA75D /* Base */ = {isa = PBXFileReference; lastKnownFileType = file.storyboard; name = Base; path = Base.lproj/LaunchScreen.storyboard; sourceTree = "<group>"; };
		001C78BE286196B9001FA75D /* Info.plist */ = {isa = PBXFileReference; lastKnownFileType = text.plist.xml; path = Info.plist; sourceTree = "<group>"; };
		001C78C728619EB2001FA75D /* TapBarController.swift */ = {isa = PBXFileReference; lastKnownFileType = sourcecode.swift; path = TapBarController.swift; sourceTree = "<group>"; };
		001C78CA2861A5F8001FA75D /* FeedTabelViewCell.swift */ = {isa = PBXFileReference; lastKnownFileType = sourcecode.swift; path = FeedTabelViewCell.swift; sourceTree = "<group>"; };
		001C78CC2861B3D6001FA75D /* UIButton.swift */ = {isa = PBXFileReference; lastKnownFileType = sourcecode.swift; path = UIButton.swift; sourceTree = "<group>"; };
		001C78D02861C833001FA75D /* ProfileViewController.swift */ = {isa = PBXFileReference; lastKnownFileType = sourcecode.swift; path = ProfileViewController.swift; sourceTree = "<group>"; };
		001C78D22861D334001FA75D /* ProfileDataView.swift */ = {isa = PBXFileReference; lastKnownFileType = sourcecode.swift; path = ProfileDataView.swift; sourceTree = "<group>"; };
		001C78D4286208B6001FA75D /* ProfileCollectionViewCell.swift */ = {isa = PBXFileReference; lastKnownFileType = sourcecode.swift; path = ProfileCollectionViewCell.swift; sourceTree = "<group>"; };
		001C78D62862FC2E001FA75D /* UploadViewController.swift */ = {isa = PBXFileReference; lastKnownFileType = sourcecode.swift; path = UploadViewController.swift; sourceTree = "<group>"; };
/* End PBXFileReference section */

/* Begin PBXFrameworksBuildPhase section */
		001C78AA286196B8001FA75D /* Frameworks */ = {
			isa = PBXFrameworksBuildPhase;
			buildActionMask = 2147483647;
			files = (
				001C78C628619C64001FA75D /* SnapKit in Frameworks */,
			);
			runOnlyForDeploymentPostprocessing = 0;
		};
/* End PBXFrameworksBuildPhase section */

/* Begin PBXGroup section */
		001C78A4286196B8001FA75D = {
			isa = PBXGroup;
			children = (
				001C78AF286196B8001FA75D /* Instar */,
				001C78AE286196B8001FA75D /* Products */,
			);
			sourceTree = "<group>";
		};
		001C78AE286196B8001FA75D /* Products */ = {
			isa = PBXGroup;
			children = (
				001C78AD286196B8001FA75D /* Instar.app */,
			);
			name = Products;
			sourceTree = "<group>";
		};
		001C78AF286196B8001FA75D /* Instar */ = {
			isa = PBXGroup;
			children = (
				001C78B0286196B8001FA75D /* AppDelegate.swift */,
				001C78B2286196B8001FA75D /* SceneDelegate.swift */,
				001C78CC2861B3D6001FA75D /* UIButton.swift */,
				001C78C928619EC5001FA75D /* Scenes */,
				001C78B9286196B9001FA75D /* Assets.xcassets */,
				001C78BB286196B9001FA75D /* LaunchScreen.storyboard */,
				001C78BE286196B9001FA75D /* Info.plist */,
			);
			path = Instar;
			sourceTree = "<group>";
		};
		001C78C928619EC5001FA75D /* Scenes */ = {
			isa = PBXGroup;
			children = (
				001C78C728619EB2001FA75D /* TapBarController.swift */,
				001C78CF2861C819001FA75D /* Profile */,
				001C78CE2861C80D001FA75D /* Feed */,
			);
			path = Scenes;
			sourceTree = "<group>";
		};
		001C78CE2861C80D001FA75D /* Feed */ = {
			isa = PBXGroup;
			children = (
				001C78CA2861A5F8001FA75D /* FeedTabelViewCell.swift */,
				001C78B4286196B8001FA75D /* FeedViewController.swift */,
				001C78D62862FC2E001FA75D /* UploadViewController.swift */,
			);
			path = Feed;
			sourceTree = "<group>";
		};
		001C78CF2861C819001FA75D /* Profile */ = {
			isa = PBXGroup;
			children = (
				001C78D02861C833001FA75D /* ProfileViewController.swift */,
				001C78D22861D334001FA75D /* ProfileDataView.swift */,
				001C78D4286208B6001FA75D /* ProfileCollectionViewCell.swift */,
			);
			path = Profile;
			sourceTree = "<group>";
		};
/* End PBXGroup section */

/* Begin PBXNativeTarget section */
		001C78AC286196B8001FA75D /* Instar */ = {
			isa = PBXNativeTarget;
			buildConfigurationList = 001C78C1286196B9001FA75D /* Build configuration list for PBXNativeTarget "Instar" */;
			buildPhases = (
				001C78A9286196B8001FA75D /* Sources */,
				001C78AA286196B8001FA75D /* Frameworks */,
				001C78AB286196B8001FA75D /* Resources */,
			);
			buildRules = (
			);
			dependencies = (
			);
			name = Instar;
			packageProductDependencies = (
				001C78C528619C64001FA75D /* SnapKit */,
			);
			productName = Instar;
			productReference = 001C78AD286196B8001FA75D /* Instar.app */;
			productType = "com.apple.product-type.application";
		};
/* End PBXNativeTarget section */

/* Begin PBXProject section */
		001C78A5286196B8001FA75D /* Project object */ = {
			isa = PBXProject;
			attributes = {
				BuildIndependentTargetsInParallel = 1;
				LastSwiftUpdateCheck = 1300;
				LastUpgradeCheck = 1300;
				TargetAttributes = {
					001C78AC286196B8001FA75D = {
						CreatedOnToolsVersion = 13.0;
					};
				};
			};
			buildConfigurationList = 001C78A8286196B8001FA75D /* Build configuration list for PBXProject "Instar" */;
			compatibilityVersion = "Xcode 13.0";
			developmentRegion = en;
			hasScannedForEncodings = 0;
			knownRegions = (
				en,
				Base,
			);
			mainGroup = 001C78A4286196B8001FA75D;
			packageReferences = (
				001C78C428619C64001FA75D /* XCRemoteSwiftPackageReference "SnapKit" */,
			);
			productRefGroup = 001C78AE286196B8001FA75D /* Products */;
			projectDirPath = "";
			projectRoot = "";
			targets = (
				001C78AC286196B8001FA75D /* Instar */,
			);
		};
/* End PBXProject section */

/* Begin PBXResourcesBuildPhase section */
		001C78AB286196B8001FA75D /* Resources */ = {
			isa = PBXResourcesBuildPhase;
			buildActionMask = 2147483647;
			files = (
				001C78BD286196B9001FA75D /* LaunchScreen.storyboard in Resources */,
				001C78BA286196B9001FA75D /* Assets.xcassets in Resources */,
			);
			runOnlyForDeploymentPostprocessing = 0;
		};
/* End PBXResourcesBuildPhase section */

/* Begin PBXSourcesBuildPhase section */
		001C78A9286196B8001FA75D /* Sources */ = {
			isa = PBXSourcesBuildPhase;
			buildActionMask = 2147483647;
			files = (
				001C78B5286196B8001FA75D /* FeedViewController.swift in Sources */,
				001C78D72862FC2E001FA75D /* UploadViewController.swift in Sources */,
				001C78D5286208B6001FA75D /* ProfileCollectionViewCell.swift in Sources */,
				001C78CB2861A5F8001FA75D /* FeedTabelViewCell.swift in Sources */,
				001C78B1286196B8001FA75D /* AppDelegate.swift in Sources */,
				001C78B3286196B8001FA75D /* SceneDelegate.swift in Sources */,
				001C78D12861C833001FA75D /* ProfileViewController.swift in Sources */,
				001C78C828619EB2001FA75D /* TapBarController.swift in Sources */,
				001C78D32861D334001FA75D /* ProfileDataView.swift in Sources */,
				001C78CD2861B3D6001FA75D /* UIButton.swift in Sources */,
			);
			runOnlyForDeploymentPostprocessing = 0;
		};
/* End PBXSourcesBuildPhase section */

/* Begin PBXVariantGroup section */
		001C78BB286196B9001FA75D /* LaunchScreen.storyboard */ = {
			isa = PBXVariantGroup;
			children = (
				001C78BC286196B9001FA75D /* Base */,
			);
			name = LaunchScreen.storyboard;
			sourceTree = "<group>";
		};
/* End PBXVariantGroup section */

/* Begin XCBuildConfiguration section */
		001C78BF286196B9001FA75D /* Debug */ = {
			isa = XCBuildConfiguration;
			buildSettings = {
				ALWAYS_SEARCH_USER_PATHS = NO;
				CLANG_ANALYZER_NONNULL = YES;
				CLANG_ANALYZER_NUMBER_OBJECT_CONVERSION = YES_AGGRESSIVE;
				CLANG_CXX_LANGUAGE_STANDARD = "gnu++17";
				CLANG_CXX_LIBRARY = "libc++";
				CLANG_ENABLE_MODULES = YES;
				CLANG_ENABLE_OBJC_ARC = YES;
				CLANG_ENABLE_OBJC_WEAK = YES;
				CLANG_WARN_BLOCK_CAPTURE_AUTORELEASING = YES;
				CLANG_WARN_BOOL_CONVERSION = YES;
				CLANG_WARN_COMMA = YES;
				CLANG_WARN_CONSTANT_CONVERSION = YES;
				CLANG_WARN_DEPRECATED_OBJC_IMPLEMENTATIONS = YES;
				CLANG_WARN_DIRECT_OBJC_ISA_USAGE = YES_ERROR;
				CLANG_WARN_DOCUMENTATION_COMMENTS = YES;
				CLANG_WARN_EMPTY_BODY = YES;
				CLANG_WARN_ENUM_CONVERSION = YES;
				CLANG_WARN_INFINITE_RECURSION = YES;
				CLANG_WARN_INT_CONVERSION = YES;
				CLANG_WARN_NON_LITERAL_NULL_CONVERSION = YES;
				CLANG_WARN_OBJC_IMPLICIT_RETAIN_SELF = YES;
				CLANG_WARN_OBJC_LITERAL_CONVERSION = YES;
				CLANG_WARN_OBJC_ROOT_CLASS = YES_ERROR;
				CLANG_WARN_QUOTED_INCLUDE_IN_FRAMEWORK_HEADER = YES;
				CLANG_WARN_RANGE_LOOP_ANALYSIS = YES;
				CLANG_WARN_STRICT_PROTOTYPES = YES;
				CLANG_WARN_SUSPICIOUS_MOVE = YES;
				CLANG_WARN_UNGUARDED_AVAILABILITY = YES_AGGRESSIVE;
				CLANG_WARN_UNREACHABLE_CODE = YES;
				CLANG_WARN__DUPLICATE_METHOD_MATCH = YES;
				COPY_PHASE_STRIP = NO;
				DEBUG_INFORMATION_FORMAT = dwarf;
				ENABLE_STRICT_OBJC_MSGSEND = YES;
				ENABLE_TESTABILITY = YES;
				GCC_C_LANGUAGE_STANDARD = gnu11;
				GCC_DYNAMIC_NO_PIC = NO;
				GCC_NO_COMMON_BLOCKS = YES;
				GCC_OPTIMIZATION_LEVEL = 0;
				GCC_PREPROCESSOR_DEFINITIONS = (
					"DEBUG=1",
					"$(inherited)",
				);
				GCC_WARN_64_TO_32_BIT_CONVERSION = YES;
				GCC_WARN_ABOUT_RETURN_TYPE = YES_ERROR;
				GCC_WARN_UNDECLARED_SELECTOR = YES;
				GCC_WARN_UNINITIALIZED_AUTOS = YES_AGGRESSIVE;
				GCC_WARN_UNUSED_FUNCTION = YES;
				GCC_WARN_UNUSED_VARIABLE = YES;
				IPHONEOS_DEPLOYMENT_TARGET = 15.0;
				MTL_ENABLE_DEBUG_INFO = INCLUDE_SOURCE;
				MTL_FAST_MATH = YES;
				ONLY_ACTIVE_ARCH = YES;
				SDKROOT = iphoneos;
				SWIFT_ACTIVE_COMPILATION_CONDITIONS = DEBUG;
				SWIFT_OPTIMIZATION_LEVEL = "-Onone";
			};
			name = Debug;
		};
		001C78C0286196B9001FA75D /* Release */ = {
			isa = XCBuildConfiguration;
			buildSettings = {
				ALWAYS_SEARCH_USER_PATHS = NO;
				CLANG_ANALYZER_NONNULL = YES;
				CLANG_ANALYZER_NUMBER_OBJECT_CONVERSION = YES_AGGRESSIVE;
				CLANG_CXX_LANGUAGE_STANDARD = "gnu++17";
				CLANG_CXX_LIBRARY = "libc++";
				CLANG_ENABLE_MODULES = YES;
				CLANG_ENABLE_OBJC_ARC = YES;
				CLANG_ENABLE_OBJC_WEAK = YES;
				CLANG_WARN_BLOCK_CAPTURE_AUTORELEASING = YES;
				CLANG_WARN_BOOL_CONVERSION = YES;
				CLANG_WARN_COMMA = YES;
				CLANG_WARN_CONSTANT_CONVERSION = YES;
				CLANG_WARN_DEPRECATED_OBJC_IMPLEMENTATIONS = YES;
				CLANG_WARN_DIRECT_OBJC_ISA_USAGE = YES_ERROR;
				CLANG_WARN_DOCUMENTATION_COMMENTS = YES;
				CLANG_WARN_EMPTY_BODY = YES;
				CLANG_WARN_ENUM_CONVERSION = YES;
				CLANG_WARN_INFINITE_RECURSION = YES;
				CLANG_WARN_INT_CONVERSION = YES;
				CLANG_WARN_NON_LITERAL_NULL_CONVERSION = YES;
				CLANG_WARN_OBJC_IMPLICIT_RETAIN_SELF = YES;
				CLANG_WARN_OBJC_LITERAL_CONVERSION = YES;
				CLANG_WARN_OBJC_ROOT_CLASS = YES_ERROR;
				CLANG_WARN_QUOTED_INCLUDE_IN_FRAMEWORK_HEADER = YES;
				CLANG_WARN_RANGE_LOOP_ANALYSIS = YES;
				CLANG_WARN_STRICT_PROTOTYPES = YES;
				CLANG_WARN_SUSPICIOUS_MOVE = YES;
				CLANG_WARN_UNGUARDED_AVAILABILITY = YES_AGGRESSIVE;
				CLANG_WARN_UNREACHABLE_CODE = YES;
				CLANG_WARN__DUPLICATE_METHOD_MATCH = YES;
				COPY_PHASE_STRIP = NO;
				DEBUG_INFORMATION_FORMAT = "dwarf-with-dsym";
				ENABLE_NS_ASSERTIONS = NO;
				ENABLE_STRICT_OBJC_MSGSEND = YES;
				GCC_C_LANGUAGE_STANDARD = gnu11;
				GCC_NO_COMMON_BLOCKS = YES;
				GCC_WARN_64_TO_32_BIT_CONVERSION = YES;
				GCC_WARN_ABOUT_RETURN_TYPE = YES_ERROR;
				GCC_WARN_UNDECLARED_SELECTOR = YES;
				GCC_WARN_UNINITIALIZED_AUTOS = YES_AGGRESSIVE;
				GCC_WARN_UNUSED_FUNCTION = YES;
				GCC_WARN_UNUSED_VARIABLE = YES;
				IPHONEOS_DEPLOYMENT_TARGET = 15.0;
				MTL_ENABLE_DEBUG_INFO = NO;
				MTL_FAST_MATH = YES;
				SDKROOT = iphoneos;
				SWIFT_COMPILATION_MODE = wholemodule;
				SWIFT_OPTIMIZATION_LEVEL = "-O";
				VALIDATE_PRODUCT = YES;
			};
			name = Release;
		};
		001C78C2286196B9001FA75D /* Debug */ = {
			isa = XCBuildConfiguration;
			buildSettings = {
				ASSETCATALOG_COMPILER_APPICON_NAME = AppIcon;
				ASSETCATALOG_COMPILER_GLOBAL_ACCENT_COLOR_NAME = AccentColor;
				CODE_SIGN_STYLE = Automatic;
				CURRENT_PROJECT_VERSION = 1;
				DEVELOPMENT_TEAM = 5TNZRXA5NC;
				GENERATE_INFOPLIST_FILE = YES;
				INFOPLIST_FILE = Instar/Info.plist;
				INFOPLIST_KEY_UIApplicationSupportsIndirectInputEvents = YES;
				INFOPLIST_KEY_UILaunchStoryboardName = LaunchScreen;
				INFOPLIST_KEY_UISupportedInterfaceOrientations_iPad = "UIInterfaceOrientationPortrait UIInterfaceOrientationPortraitUpsideDown UIInterfaceOrientationLandscapeLeft UIInterfaceOrientationLandscapeRight";
				INFOPLIST_KEY_UISupportedInterfaceOrientations_iPhone = "UIInterfaceOrientationPortrait UIInterfaceOrientationLandscapeLeft UIInterfaceOrientationLandscapeRight";
				LD_RUNPATH_SEARCH_PATHS = (
					"$(inherited)",
					"@executable_path/Frameworks",
				);
				MARKETING_VERSION = 1.0;
				PRODUCT_BUNDLE_IDENTIFIER = chacharachu.Instar;
				PRODUCT_NAME = "$(TARGET_NAME)";
				SWIFT_EMIT_LOC_STRINGS = YES;
				SWIFT_VERSION = 5.0;
				TARGETED_DEVICE_FAMILY = "1,2";
			};
			name = Debug;
		};
		001C78C3286196B9001FA75D /* Release */ = {
			isa = XCBuildConfiguration;
			buildSettings = {
				ASSETCATALOG_COMPILER_APPICON_NAME = AppIcon;
				ASSETCATALOG_COMPILER_GLOBAL_ACCENT_COLOR_NAME = AccentColor;
				CODE_SIGN_STYLE = Automatic;
				CURRENT_PROJECT_VERSION = 1;
				DEVELOPMENT_TEAM = 5TNZRXA5NC;
				GENERATE_INFOPLIST_FILE = YES;
				INFOPLIST_FILE = Instar/Info.plist;
				INFOPLIST_KEY_UIApplicationSupportsIndirectInputEvents = YES;
				INFOPLIST_KEY_UILaunchStoryboardName = LaunchScreen;
				INFOPLIST_KEY_UISupportedInterfaceOrientations_iPad = "UIInterfaceOrientationPortrait UIInterfaceOrientationPortraitUpsideDown UIInterfaceOrientationLandscapeLeft UIInterfaceOrientationLandscapeRight";
				INFOPLIST_KEY_UISupportedInterfaceOrientations_iPhone = "UIInterfaceOrientationPortrait UIInterfaceOrientationLandscapeLeft UIInterfaceOrientationLandscapeRight";
				LD_RUNPATH_SEARCH_PATHS = (
					"$(inherited)",
					"@executable_path/Frameworks",
				);
				MARKETING_VERSION = 1.0;
				PRODUCT_BUNDLE_IDENTIFIER = chacharachu.Instar;
				PRODUCT_NAME = "$(TARGET_NAME)";
				SWIFT_EMIT_LOC_STRINGS = YES;
				SWIFT_VERSION = 5.0;
				TARGETED_DEVICE_FAMILY = "1,2";
			};
			name = Release;
		};
/* End XCBuildConfiguration section */

/* Begin XCConfigurationList section */
		001C78A8286196B8001FA75D /* Build configuration list for PBXProject "Instar" */ = {
			isa = XCConfigurationList;
			buildConfigurations = (
				001C78BF286196B9001FA75D /* Debug */,
				001C78C0286196B9001FA75D /* Release */,
			);
			defaultConfigurationIsVisible = 0;
			defaultConfigurationName = Release;
		};
		001C78C1286196B9001FA75D /* Build configuration list for PBXNativeTarget "Instar" */ = {
			isa = XCConfigurationList;
			buildConfigurations = (
				001C78C2286196B9001FA75D /* Debug */,
				001C78C3286196B9001FA75D /* Release */,
			);
			defaultConfigurationIsVisible = 0;
			defaultConfigurationName = Release;
		};
/* End XCConfigurationList section */

/* Begin XCRemoteSwiftPackageReference section */
		001C78C428619C64001FA75D /* XCRemoteSwiftPackageReference "SnapKit" */ = {
			isa = XCRemoteSwiftPackageReference;
			repositoryURL = "https://github.com/SnapKit/SnapKit.git";
			requirement = {
				branch = develop;
				kind = branch;
			};
		};
/* End XCRemoteSwiftPackageReference section */

/* Begin XCSwiftPackageProductDependency section */
		001C78C528619C64001FA75D /* SnapKit */ = {
			isa = XCSwiftPackageProductDependency;
			package = 001C78C428619C64001FA75D /* XCRemoteSwiftPackageReference "SnapKit" */;
			productName = SnapKit;
		};
/* End XCSwiftPackageProductDependency section */
	};
	rootObject = 001C78A5286196B8001FA75D /* Project object */;
}
